
Microsoft Visual Studio Solution File, Format Version 12.00
# Visual Studio Version 17
VisualStudioVersion = 17.0.32112.339
MinimumVisualStudioVersion = 10.0.40219.1
Project("{8BC9CEB8-8B4A-11D0-8D11-00A0C91BC942}") = "keyboardhookconsole", "keyboardhookconsole\vcxproject\keyboardhookconsole.vcxproj", "{E60B5D8A-04E4-49CA-A2D3-565066271D9E}"
EndProject
Project("{8BC9CEB8-8B4A-11D0-8D11-00A0C91BC942}") = "library", "library\vcxproject\library.vcxproj", "{9B10EBBF-ED1F-45F4-BADE-C7737FBA4D01}"
EndProject
Project("{8BC9CEB8-8B4A-11D0-8D11-00A0C91BC942}") = "cheat_static", "cheat_static\vcxproject\cheat_static.vcxproj", "{F97E4119-8C6C-4181-9E49-F746A7532D94}"
EndProject
Project("{8BC9CEB8-8B4A-11D0-8D11-00A0C91BC942}") = "cheat_dynamic", "cheat_dynamic\vcxproject\cheat_dynamic.vcxproj", "{D15476F6-37BC-4C90-88DA-CA0B569F6C75}"
EndProject
Project("{2150E333-8FDC-42A3-9474-1A3956D46DE8}") = "3rdparty", "3rdparty", "{F5301031-2ECD-4BCD-9B2E-F3DDE2769E4F}"
EndProject
Project("{8BC9CEB8-8B4A-11D0-8D11-00A0C91BC942}") = "zlibstatic", "..\..\..\common\3rdparty\zlib\vcxproject\zlibstatic.vcxproj", "{9E4E692E-39C3-3E7F-9EF9-BCB244553167}"
EndProject
Project("{8BC9CEB8-8B4A-11D0-8D11-00A0C91BC942}") = "c-ares_static", "..\..\..\common\3rdparty\c-ares\vcxproject\src\lib\c-ares_static.vcxproj", "{EB08C881-60AF-3CED-914F-FB9F254817C4}"
EndProject
Project("{8BC9CEB8-8B4A-11D0-8D11-00A0C91BC942}") = "libprotobuf", "..\..\..\common\3rdparty\protobuf\vcxproject\libprotobuf.vcxproj", "{EC5A376D-AFDD-3741-9F11-6D4036DFB46D}"
EndProject
Project("{8BC9CEB8-8B4A-11D0-8D11-00A0C91BC942}") = "libprotoc", "..\..\..\common\3rdparty\protobuf\vcxproject\libprotoc.vcxproj", "{81100B80-7E05-3766-9028-B155DDA9FA6E}"
EndProject
Project("{8BC9CEB8-8B4A-11D0-8D11-00A0C91BC942}") = "protoc", "..\..\..\common\3rdparty\protobuf\vcxproject\protoc.vcxproj", "{7E8C69A1-6618-3A30-8828-163585FED78F}"
EndProject
Project("{2150E333-8FDC-42A3-9474-1A3956D46DE8}") = "google", "google", "{C932A9DB-C230-473E-9850-5C093D3BECE2}"
EndProject
Project("{2150E333-8FDC-42A3-9474-1A3956D46DE8}") = "grpc", "grpc", "{33E1BD10-0228-406D-B231-206563F5B7F1}"
EndProject
Project("{2150E333-8FDC-42A3-9474-1A3956D46DE8}") = "protobuf", "protobuf", "{210B5689-3C24-4220-84F9-AB9ACA3611C7}"
EndProject
Project("{8BC9CEB8-8B4A-11D0-8D11-00A0C91BC942}") = "grpc", "..\..\..\common\3rdparty\google\grpc\vcxproject\grpc.vcxproj", "{977A061B-0723-32E8-B01B-C5DCDD749F17}"
EndProject
Project("{8BC9CEB8-8B4A-11D0-8D11-00A0C91BC942}") = "grpc++", "..\..\..\common\3rdparty\google\grpc\vcxproject\grpc++.vcxproj", "{6CE7CA3B-D2AB-3366-9922-94433984E553}"
EndProject
Project("{8BC9CEB8-8B4A-11D0-8D11-00A0C91BC942}") = "gpr", "..\..\..\common\3rdparty\google\grpc\vcxproject\gpr.vcxproj", "{D6BBE25E-2E44-34B3-9F58-46FC2FF4A22C}"
EndProject
Project("{8BC9CEB8-8B4A-11D0-8D11-00A0C91BC942}") = "address_sorting", "..\..\..\common\3rdparty\google\grpc\vcxproject\address_sorting.vcxproj", "{BBCF6E5B-D89C-385B-B684-C6D201ECC774}"
EndProject
Project("{8BC9CEB8-8B4A-11D0-8D11-00A0C91BC942}") = "re2", "..\..\..\common\3rdparty\google\re2\vcxproject\re2.vcxproj", "{9DBC8B5E-129B-3305-92BF-B4BF2D5564B4}"
EndProject
Project("{8BC9CEB8-8B4A-11D0-8D11-00A0C91BC942}") = "upb", "..\..\..\common\3rdparty\google\grpc\vcxproject\upb.vcxproj", "{D2350A42-F54B-3082-9725-B8ABF1E89F25}"
EndProject
Project("{8BC9CEB8-8B4A-11D0-8D11-00A0C91BC942}") = "ssl", "..\..\..\common\3rdparty\google\boringssl\vcxproject\ssl\ssl.vcxproj", "{8810DCAD-F124-3DAB-A2FF-73F0AD8628FD}"
EndProject
Project("{8BC9CEB8-8B4A-11D0-8D11-00A0C91BC942}") = "crypto", "..\..\..\common\3rdparty\google\boringssl\vcxproject\crypto\crypto.vcxproj", "{AC0E195E-5BE0-3F2C-8A11-EF210F7D3706}"
EndProject
Global
	GlobalSection(SolutionConfigurationPlatforms) = preSolution
		Debug|x64 = Debug|x64
		Debug|x86 = Debug|x86
		Release|x64 = Release|x64
		Release|x86 = Release|x86
	EndGlobalSection
	GlobalSection(ProjectConfigurationPlatforms) = postSolution
		{E60B5D8A-04E4-49CA-A2D3-565066271D9E}.Debug|x64.ActiveCfg = Debug|x64
		{E60B5D8A-04E4-49CA-A2D3-565066271D9E}.Debug|x64.Build.0 = Debug|x64
		{E60B5D8A-04E4-49CA-A2D3-565066271D9E}.Debug|x86.ActiveCfg = Debug|Win32
		{E60B5D8A-04E4-49CA-A2D3-565066271D9E}.Debug|x86.Build.0 = Debug|Win32
		{E60B5D8A-04E4-49CA-A2D3-565066271D9E}.Release|x64.ActiveCfg = Release|x64
		{E60B5D8A-04E4-49CA-A2D3-565066271D9E}.Release|x64.Build.0 = Release|x64
		{E60B5D8A-04E4-49CA-A2D3-565066271D9E}.Release|x86.ActiveCfg = Release|Win32
		{E60B5D8A-04E4-49CA-A2D3-565066271D9E}.Release|x86.Build.0 = Release|Win32
		{9B10EBBF-ED1F-45F4-BADE-C7737FBA4D01}.Debug|x64.ActiveCfg = Debug|x64
		{9B10EBBF-ED1F-45F4-BADE-C7737FBA4D01}.Debug|x64.Build.0 = Debug|x64
		{9B10EBBF-ED1F-45F4-BADE-C7737FBA4D01}.Debug|x86.ActiveCfg = Debug|Win32
		{9B10EBBF-ED1F-45F4-BADE-C7737FBA4D01}.Debug|x86.Build.0 = Debug|Win32
		{9B10EBBF-ED1F-45F4-BADE-C7737FBA4D01}.Release|x64.ActiveCfg = Release|x64
		{9B10EBBF-ED1F-45F4-BADE-C7737FBA4D01}.Release|x64.Build.0 = Release|x64
		{9B10EBBF-ED1F-45F4-BADE-C7737FBA4D01}.Release|x86.ActiveCfg = Release|Win32
		{9B10EBBF-ED1F-45F4-BADE-C7737FBA4D01}.Release|x86.Build.0 = Release|Win32
		{F97E4119-8C6C-4181-9E49-F746A7532D94}.Debug|x64.ActiveCfg = Debug|x64
		{F97E4119-8C6C-4181-9E49-F746A7532D94}.Debug|x64.Build.0 = Debug|x64
		{F97E4119-8C6C-4181-9E49-F746A7532D94}.Debug|x86.ActiveCfg = Debug|Win32
		{F97E4119-8C6C-4181-9E49-F746A7532D94}.Debug|x86.Build.0 = Debug|Win32
		{F97E4119-8C6C-4181-9E49-F746A7532D94}.Release|x64.ActiveCfg = Release|x64
		{F97E4119-8C6C-4181-9E49-F746A7532D94}.Release|x64.Build.0 = Release|x64
		{F97E4119-8C6C-4181-9E49-F746A7532D94}.Release|x86.ActiveCfg = Release|Win32
		{F97E4119-8C6C-4181-9E49-F746A7532D94}.Release|x86.Build.0 = Release|Win32
		{D15476F6-37BC-4C90-88DA-CA0B569F6C75}.Debug|x64.ActiveCfg = Debug|x64
		{D15476F6-37BC-4C90-88DA-CA0B569F6C75}.Debug|x64.Build.0 = Debug|x64
		{D15476F6-37BC-4C90-88DA-CA0B569F6C75}.Debug|x86.ActiveCfg = Debug|Win32
		{D15476F6-37BC-4C90-88DA-CA0B569F6C75}.Debug|x86.Build.0 = Debug|Win32
		{D15476F6-37BC-4C90-88DA-CA0B569F6C75}.Release|x64.ActiveCfg = Release|x64
		{D15476F6-37BC-4C90-88DA-CA0B569F6C75}.Release|x64.Build.0 = Release|x64
		{D15476F6-37BC-4C90-88DA-CA0B569F6C75}.Release|x86.ActiveCfg = Release|Win32
		{D15476F6-37BC-4C90-88DA-CA0B569F6C75}.Release|x86.Build.0 = Release|Win32
		{9E4E692E-39C3-3E7F-9EF9-BCB244553167}.Debug|x64.ActiveCfg = Debug|x64
		{9E4E692E-39C3-3E7F-9EF9-BCB244553167}.Debug|x64.Build.0 = Debug|x64
		{9E4E692E-39C3-3E7F-9EF9-BCB244553167}.Debug|x86.ActiveCfg = Debug|Win32
		{9E4E692E-39C3-3E7F-9EF9-BCB244553167}.Debug|x86.Build.0 = Debug|Win32
		{9E4E692E-39C3-3E7F-9EF9-BCB244553167}.Release|x64.ActiveCfg = Release|x64
		{9E4E692E-39C3-3E7F-9EF9-BCB244553167}.Release|x64.Build.0 = Release|x64
		{9E4E692E-39C3-3E7F-9EF9-BCB244553167}.Release|x86.ActiveCfg = Release|Win32
		{9E4E692E-39C3-3E7F-9EF9-BCB244553167}.Release|x86.Build.0 = Release|Win32
		{EB08C881-60AF-3CED-914F-FB9F254817C4}.Debug|x64.ActiveCfg = Debug|x64
		{EB08C881-60AF-3CED-914F-FB9F254817C4}.Debug|x64.Build.0 = Debug|x64
		{EB08C881-60AF-3CED-914F-FB9F254817C4}.Debug|x86.ActiveCfg = Debug|Win32
		{EB08C881-60AF-3CED-914F-FB9F254817C4}.Debug|x86.Build.0 = Debug|Win32
		{EB08C881-60AF-3CED-914F-FB9F254817C4}.Release|x64.ActiveCfg = Release|x64
		{EB08C881-60AF-3CED-914F-FB9F254817C4}.Release|x64.Build.0 = Release|x64
		{EB08C881-60AF-3CED-914F-FB9F254817C4}.Release|x86.ActiveCfg = Release|Win32
		{EB08C881-60AF-3CED-914F-FB9F254817C4}.Release|x86.Build.0 = Release|Win32
		{EC5A376D-AFDD-3741-9F11-6D4036DFB46D}.Debug|x64.ActiveCfg = Debug|x64
		{EC5A376D-AFDD-3741-9F11-6D4036DFB46D}.Debug|x64.Build.0 = Debug|x64
		{EC5A376D-AFDD-3741-9F11-6D4036DFB46D}.Debug|x86.ActiveCfg = Debug|Win32
		{EC5A376D-AFDD-3741-9F11-6D4036DFB46D}.Debug|x86.Build.0 = Debug|Win32
		{EC5A376D-AFDD-3741-9F11-6D4036DFB46D}.Release|x64.ActiveCfg = Release|x64
		{EC5A376D-AFDD-3741-9F11-6D4036DFB46D}.Release|x64.Build.0 = Release|x64
		{EC5A376D-AFDD-3741-9F11-6D4036DFB46D}.Release|x86.ActiveCfg = Release|Win32
		{EC5A376D-AFDD-3741-9F11-6D4036DFB46D}.Release|x86.Build.0 = Release|Win32
		{81100B80-7E05-3766-9028-B155DDA9FA6E}.Debug|x64.ActiveCfg = Debug|x64
		{81100B80-7E05-3766-9028-B155DDA9FA6E}.Debug|x64.Build.0 = Debug|x64
		{81100B80-7E05-3766-9028-B155DDA9FA6E}.Debug|x86.ActiveCfg = Debug|Win32
		{81100B80-7E05-3766-9028-B155DDA9FA6E}.Debug|x86.Build.0 = Debug|Win32
		{81100B80-7E05-3766-9028-B155DDA9FA6E}.Release|x64.ActiveCfg = Release|x64
		{81100B80-7E05-3766-9028-B155DDA9FA6E}.Release|x64.Build.0 = Release|x64
		{81100B80-7E05-3766-9028-B155DDA9FA6E}.Release|x86.ActiveCfg = Release|Win32
		{81100B80-7E05-3766-9028-B155DDA9FA6E}.Release|x86.Build.0 = Release|Win32
		{7E8C69A1-6618-3A30-8828-163585FED78F}.Debug|x64.ActiveCfg = Debug|x64
		{7E8C69A1-6618-3A30-8828-163585FED78F}.Debug|x64.Build.0 = Debug|x64
		{7E8C69A1-6618-3A30-8828-163585FED78F}.Debug|x86.ActiveCfg = Debug|Win32
		{7E8C69A1-6618-3A30-8828-163585FED78F}.Debug|x86.Build.0 = Debug|Win32
		{7E8C69A1-6618-3A30-8828-163585FED78F}.Release|x64.ActiveCfg = Release|x64
		{7E8C69A1-6618-3A30-8828-163585FED78F}.Release|x64.Build.0 = Release|x64
		{7E8C69A1-6618-3A30-8828-163585FED78F}.Release|x86.ActiveCfg = Release|Win32
		{7E8C69A1-6618-3A30-8828-163585FED78F}.Release|x86.Build.0 = Release|Win32
		{977A061B-0723-32E8-B01B-C5DCDD749F17}.Debug|x64.ActiveCfg = Debug|x64
		{977A061B-0723-32E8-B01B-C5DCDD749F17}.Debug|x64.Build.0 = Debug|x64
		{977A061B-0723-32E8-B01B-C5DCDD749F17}.Debug|x86.ActiveCfg = Debug|Win32
		{977A061B-0723-32E8-B01B-C5DCDD749F17}.Debug|x86.Build.0 = Debug|Win32
		{977A061B-0723-32E8-B01B-C5DCDD749F17}.Release|x64.ActiveCfg = Release|x64
		{977A061B-0723-32E8-B01B-C5DCDD749F17}.Release|x64.Build.0 = Release|x64
		{977A061B-0723-32E8-B01B-C5DCDD749F17}.Release|x86.ActiveCfg = Release|Win32
		{977A061B-0723-32E8-B01B-C5DCDD749F17}.Release|x86.Build.0 = Release|Win32
		{6CE7CA3B-D2AB-3366-9922-94433984E553}.Debug|x64.ActiveCfg = Debug|x64
		{6CE7CA3B-D2AB-3366-9922-94433984E553}.Debug|x64.Build.0 = Debug|x64
		{6CE7CA3B-D2AB-3366-9922-94433984E553}.Debug|x86.ActiveCfg = Debug|Win32
		{6CE7CA3B-D2AB-3366-9922-94433984E553}.Debug|x86.Build.0 = Debug|Win32
		{6CE7CA3B-D2AB-3366-9922-94433984E553}.Release|x64.ActiveCfg = Release|x64
		{6CE7CA3B-D2AB-3366-9922-94433984E553}.Release|x64.Build.0 = Release|x64
		{6CE7CA3B-D2AB-3366-9922-94433984E553}.Release|x86.ActiveCfg = Release|Win32
		{6CE7CA3B-D2AB-3366-9922-94433984E553}.Release|x86.Build.0 = Release|Win32
		{D6BBE25E-2E44-34B3-9F58-46FC2FF4A22C}.Debug|x64.ActiveCfg = Debug|x64
		{D6BBE25E-2E44-34B3-9F58-46FC2FF4A22C}.Debug|x64.Build.0 = Debug|x64
		{D6BBE25E-2E44-34B3-9F58-46FC2FF4A22C}.Debug|x86.ActiveCfg = Debug|Win32
		{D6BBE25E-2E44-34B3-9F58-46FC2FF4A22C}.Debug|x86.Build.0 = Debug|Win32
		{D6BBE25E-2E44-34B3-9F58-46FC2FF4A22C}.Release|x64.ActiveCfg = Release|x64
		{D6BBE25E-2E44-34B3-9F58-46FC2FF4A22C}.Release|x64.Build.0 = Release|x64
		{D6BBE25E-2E44-34B3-9F58-46FC2FF4A22C}.Release|x86.ActiveCfg = Release|Win32
		{D6BBE25E-2E44-34B3-9F58-46FC2FF4A22C}.Release|x86.Build.0 = Release|Win32
		{BBCF6E5B-D89C-385B-B684-C6D201ECC774}.Debug|x64.ActiveCfg = Debug|x64
		{BBCF6E5B-D89C-385B-B684-C6D201ECC774}.Debug|x64.Build.0 = Debug|x64
		{BBCF6E5B-D89C-385B-B684-C6D201ECC774}.Debug|x86.ActiveCfg = Debug|Win32
		{BBCF6E5B-D89C-385B-B684-C6D201ECC774}.Debug|x86.Build.0 = Debug|Win32
		{BBCF6E5B-D89C-385B-B684-C6D201ECC774}.Release|x64.ActiveCfg = Release|x64
		{BBCF6E5B-D89C-385B-B684-C6D201ECC774}.Release|x64.Build.0 = Release|x64
		{BBCF6E5B-D89C-385B-B684-C6D201ECC774}.Release|x86.ActiveCfg = Release|Win32
		{BBCF6E5B-D89C-385B-B684-C6D201ECC774}.Release|x86.Build.0 = Release|Win32
		{9DBC8B5E-129B-3305-92BF-B4BF2D5564B4}.Debug|x64.ActiveCfg = Debug|x64
		{9DBC8B5E-129B-3305-92BF-B4BF2D5564B4}.Debug|x64.Build.0 = Debug|x64
		{9DBC8B5E-129B-3305-92BF-B4BF2D5564B4}.Debug|x86.ActiveCfg = Debug|Win32
		{9DBC8B5E-129B-3305-92BF-B4BF2D5564B4}.Debug|x86.Build.0 = Debug|Win32
		{9DBC8B5E-129B-3305-92BF-B4BF2D5564B4}.Release|x64.ActiveCfg = Release|x64
		{9DBC8B5E-129B-3305-92BF-B4BF2D5564B4}.Release|x64.Build.0 = Release|x64
		{9DBC8B5E-129B-3305-92BF-B4BF2D5564B4}.Release|x86.ActiveCfg = Release|Win32
		{9DBC8B5E-129B-3305-92BF-B4BF2D5564B4}.Release|x86.Build.0 = Release|Win32
		{D2350A42-F54B-3082-9725-B8ABF1E89F25}.Debug|x64.ActiveCfg = Debug|x64
		{D2350A42-F54B-3082-9725-B8ABF1E89F25}.Debug|x64.Build.0 = Debug|x64
		{D2350A42-F54B-3082-9725-B8ABF1E89F25}.Debug|x86.ActiveCfg = Debug|Win32
		{D2350A42-F54B-3082-9725-B8ABF1E89F25}.Debug|x86.Build.0 = Debug|Win32
		{D2350A42-F54B-3082-9725-B8ABF1E89F25}.Release|x64.ActiveCfg = Release|x64
		{D2350A42-F54B-3082-9725-B8ABF1E89F25}.Release|x64.Build.0 = Release|x64
		{D2350A42-F54B-3082-9725-B8ABF1E89F25}.Release|x86.ActiveCfg = Release|Win32
		{D2350A42-F54B-3082-9725-B8ABF1E89F25}.Release|x86.Build.0 = Release|Win32
		{8810DCAD-F124-3DAB-A2FF-73F0AD8628FD}.Debug|x64.ActiveCfg = Debug|Win32
		{8810DCAD-F124-3DAB-A2FF-73F0AD8628FD}.Debug|x64.Build.0 = Debug|Win32
		{8810DCAD-F124-3DAB-A2FF-73F0AD8628FD}.Debug|x86.ActiveCfg = Debug|Win32
		{8810DCAD-F124-3DAB-A2FF-73F0AD8628FD}.Debug|x86.Build.0 = Debug|Win32
		{8810DCAD-F124-3DAB-A2FF-73F0AD8628FD}.Release|x64.ActiveCfg = Release|Win32
		{8810DCAD-F124-3DAB-A2FF-73F0AD8628FD}.Release|x64.Build.0 = Release|Win32
		{8810DCAD-F124-3DAB-A2FF-73F0AD8628FD}.Release|x86.ActiveCfg = Release|Win32
		{8810DCAD-F124-3DAB-A2FF-73F0AD8628FD}.Release|x86.Build.0 = Release|Win32
		{AC0E195E-5BE0-3F2C-8A11-EF210F7D3706}.Debug|x64.ActiveCfg = Debug|Win32
		{AC0E195E-5BE0-3F2C-8A11-EF210F7D3706}.Debug|x64.Build.0 = Debug|Win32
		{AC0E195E-5BE0-3F2C-8A11-EF210F7D3706}.Debug|x86.ActiveCfg = Debug|Win32
		{AC0E195E-5BE0-3F2C-8A11-EF210F7D3706}.Debug|x86.Build.0 = Debug|Win32
		{AC0E195E-5BE0-3F2C-8A11-EF210F7D3706}.Release|x64.ActiveCfg = Release|Win32
		{AC0E195E-5BE0-3F2C-8A11-EF210F7D3706}.Release|x64.Build.0 = Release|Win32
		{AC0E195E-5BE0-3F2C-8A11-EF210F7D3706}.Release|x86.ActiveCfg = Release|Win32
		{AC0E195E-5BE0-3F2C-8A11-EF210F7D3706}.Release|x86.Build.0 = Release|Win32
	EndGlobalSection
	GlobalSection(SolutionProperties) = preSolution
		HideSolutionNode = FALSE
	EndGlobalSection
	GlobalSection(NestedProjects) = preSolution
		{9E4E692E-39C3-3E7F-9EF9-BCB244553167} = {F5301031-2ECD-4BCD-9B2E-F3DDE2769E4F}
		{EB08C881-60AF-3CED-914F-FB9F254817C4} = {F5301031-2ECD-4BCD-9B2E-F3DDE2769E4F}
		{EC5A376D-AFDD-3741-9F11-6D4036DFB46D} = {210B5689-3C24-4220-84F9-AB9ACA3611C7}
		{81100B80-7E05-3766-9028-B155DDA9FA6E} = {210B5689-3C24-4220-84F9-AB9ACA3611C7}
		{7E8C69A1-6618-3A30-8828-163585FED78F} = {210B5689-3C24-4220-84F9-AB9ACA3611C7}
		{C932A9DB-C230-473E-9850-5C093D3BECE2} = {F5301031-2ECD-4BCD-9B2E-F3DDE2769E4F}
		{33E1BD10-0228-406D-B231-206563F5B7F1} = {C932A9DB-C230-473E-9850-5C093D3BECE2}
		{210B5689-3C24-4220-84F9-AB9ACA3611C7} = {C932A9DB-C230-473E-9850-5C093D3BECE2}
		{977A061B-0723-32E8-B01B-C5DCDD749F17} = {33E1BD10-0228-406D-B231-206563F5B7F1}
		{6CE7CA3B-D2AB-3366-9922-94433984E553} = {33E1BD10-0228-406D-B231-206563F5B7F1}
		{D6BBE25E-2E44-34B3-9F58-46FC2FF4A22C} = {33E1BD10-0228-406D-B231-206563F5B7F1}
		{BBCF6E5B-D89C-385B-B684-C6D201ECC774} = {33E1BD10-0228-406D-B231-206563F5B7F1}
		{9DBC8B5E-129B-3305-92BF-B4BF2D5564B4} = {33E1BD10-0228-406D-B231-206563F5B7F1}
		{D2350A42-F54B-3082-9725-B8ABF1E89F25} = {33E1BD10-0228-406D-B231-206563F5B7F1}
		{8810DCAD-F124-3DAB-A2FF-73F0AD8628FD} = {33E1BD10-0228-406D-B231-206563F5B7F1}
		{AC0E195E-5BE0-3F2C-8A11-EF210F7D3706} = {33E1BD10-0228-406D-B231-206563F5B7F1}
	EndGlobalSection
	GlobalSection(ExtensibilityGlobals) = postSolution
		SolutionGuid = {883D4E84-E075-43D1-9071-6F8719134B38}
	EndGlobalSection
EndGlobal
